// !$*UTF8*$!
{
	archiveVersion = 1;
	classes = {
	};
	objectVersion = 46;
	objects = {

/* Begin PBXBuildFile section */
		0A0AF68B1911910B0019AE61 /* command.m in Sources */ = {isa = PBXBuildFile; fileRef = 0A0AF68A1911910B0019AE61 /* command.m */; };
		0A0AF68E1913E5A00019AE61 /* OpeningViewController.m in Sources */ = {isa = PBXBuildFile; fileRef = 0A0AF68D1913E5A00019AE61 /* OpeningViewController.m */; };
		0A0AF6911913E6950019AE61 /* OptionsViewController.m in Sources */ = {isa = PBXBuildFile; fileRef = 0A0AF6901913E6950019AE61 /* OptionsViewController.m */; };
		0A0AF6951913E6E30019AE61 /* ResultsViewController.m in Sources */ = {isa = PBXBuildFile; fileRef = 0A0AF6941913E6E30019AE61 /* ResultsViewController.m */; };
		0A0AF6981913EB3B0019AE61 /* HighScore.m in Sources */ = {isa = PBXBuildFile; fileRef = 0A0AF6971913EB3B0019AE61 /* HighScore.m */; };
		0A1897901918357F0045F83B /* GameOverViewController.m in Sources */ = {isa = PBXBuildFile; fileRef = 0A18978F1918357F0045F83B /* GameOverViewController.m */; };
		0A1897931918399E0045F83B /* HighScoreTable.m in Sources */ = {isa = PBXBuildFile; fileRef = 0A1897921918399E0045F83B /* HighScoreTable.m */; };
		0AA135E6191829A400298805 /* GameKit.framework in Frameworks */ = {isa = PBXBuildFile; fileRef = 0AA135E5191829A400298805 /* GameKit.framework */; };
		1A0985141919BBD1002E89CA /* Dream Culture.mp3 in Resources */ = {isa = PBXBuildFile; fileRef = 1A0985131919BBD1002E89CA /* Dream Culture.mp3 */; };
		1A09851A1919C862002E89CA /* complimentSound.mp3 in Resources */ = {isa = PBXBuildFile; fileRef = 1A0985191919C862002E89CA /* complimentSound.mp3 */; };
		1A40DBFC1906D7BC001AE207 /* DataKeeper.m in Sources */ = {isa = PBXBuildFile; fileRef = 1A40DBFB1906D7BC001AE207 /* DataKeeper.m */; };
		1AAF6B4F18F3083300649992 /* Foundation.framework in Frameworks */ = {isa = PBXBuildFile; fileRef = 1AAF6B4E18F3083300649992 /* Foundation.framework */; };
		1AAF6B5118F3083300649992 /* CoreGraphics.framework in Frameworks */ = {isa = PBXBuildFile; fileRef = 1AAF6B5018F3083300649992 /* CoreGraphics.framework */; };
		1AAF6B5318F3083300649992 /* UIKit.framework in Frameworks */ = {isa = PBXBuildFile; fileRef = 1AAF6B5218F3083300649992 /* UIKit.framework */; };
		1AAF6B5918F3083300649992 /* InfoPlist.strings in Resources */ = {isa = PBXBuildFile; fileRef = 1AAF6B5718F3083300649992 /* InfoPlist.strings */; };
		1AAF6B5B18F3083300649992 /* main.m in Sources */ = {isa = PBXBuildFile; fileRef = 1AAF6B5A18F3083300649992 /* main.m */; };
		1AAF6B5F18F3083300649992 /* AppDelegate.m in Sources */ = {isa = PBXBuildFile; fileRef = 1AAF6B5E18F3083300649992 /* AppDelegate.m */; };
		1AAF6B6218F3083300649992 /* Main.storyboard in Resources */ = {isa = PBXBuildFile; fileRef = 1AAF6B6018F3083300649992 /* Main.storyboard */; };
		1AAF6B6518F3083300649992 /* ViewController.m in Sources */ = {isa = PBXBuildFile; fileRef = 1AAF6B6418F3083300649992 /* ViewController.m */; };
		1AAF6B6718F3083300649992 /* Images.xcassets in Resources */ = {isa = PBXBuildFile; fileRef = 1AAF6B6618F3083300649992 /* Images.xcassets */; };
		1AAF6B6E18F3083300649992 /* XCTest.framework in Frameworks */ = {isa = PBXBuildFile; fileRef = 1AAF6B6D18F3083300649992 /* XCTest.framework */; };
		1AAF6B6F18F3083300649992 /* Foundation.framework in Frameworks */ = {isa = PBXBuildFile; fileRef = 1AAF6B4E18F3083300649992 /* Foundation.framework */; };
		1AAF6B7018F3083300649992 /* UIKit.framework in Frameworks */ = {isa = PBXBuildFile; fileRef = 1AAF6B5218F3083300649992 /* UIKit.framework */; };
		1AAF6B7818F3083300649992 /* InfoPlist.strings in Resources */ = {isa = PBXBuildFile; fileRef = 1AAF6B7618F3083300649992 /* InfoPlist.strings */; };
		1AAF6B7A18F3083300649992 /* ComplimentsTests.m in Sources */ = {isa = PBXBuildFile; fileRef = 1AAF6B7918F3083300649992 /* ComplimentsTests.m */; };
		1AAF6B8518F3088D00649992 /* Board.m in Sources */ = {isa = PBXBuildFile; fileRef = 1AAF6B8418F3088D00649992 /* Board.m */; };
		3011448B19181F6F000E7304 /* Dot.m in Sources */ = {isa = PBXBuildFile; fileRef = 3011448619181F6F000E7304 /* Dot.m */; };
		3011448C19181F6F000E7304 /* DotAnimation.m in Sources */ = {isa = PBXBuildFile; fileRef = 3011448819181F6F000E7304 /* DotAnimation.m */; };
		3011448D19181F6F000E7304 /* NSMutableArray_QueueAdditions.m in Sources */ = {isa = PBXBuildFile; fileRef = 3011448A19181F6F000E7304 /* NSMutableArray_QueueAdditions.m */; };
		30C5A1FF1918186F001F8134 /* PoiretOne-Regular.ttf in Resources */ = {isa = PBXBuildFile; fileRef = 30C5A1FE1918186F001F8134 /* PoiretOne-Regular.ttf */; };
		30C5A20119181882001F8134 /* JosefinSans-Regular.ttf in Resources */ = {isa = PBXBuildFile; fileRef = 30C5A20019181882001F8134 /* JosefinSans-Regular.ttf */; };
/* End PBXBuildFile section */

/* Begin PBXContainerItemProxy section */
		1AAF6B7118F3083300649992 /* PBXContainerItemProxy */ = {
			isa = PBXContainerItemProxy;
			containerPortal = 1AAF6B4318F3083300649992 /* Project object */;
			proxyType = 1;
			remoteGlobalIDString = 1AAF6B4A18F3083300649992;
			remoteInfo = Compliments;
		};
/* End PBXContainerItemProxy section */

/* Begin PBXFileReference section */
		0A0AF6891911910B0019AE61 /* command.h */ = {isa = PBXFileReference; fileEncoding = 4; lastKnownFileType = sourcecode.c.h; path = command.h; sourceTree = "<group>"; };
		0A0AF68A1911910B0019AE61 /* command.m */ = {isa = PBXFileReference; fileEncoding = 4; lastKnownFileType = sourcecode.c.objc; path = command.m; sourceTree = "<group>"; };
		0A0AF68C1913E5A00019AE61 /* OpeningViewController.h */ = {isa = PBXFileReference; fileEncoding = 4; lastKnownFileType = sourcecode.c.h; path = OpeningViewController.h; sourceTree = "<group>"; };
		0A0AF68D1913E5A00019AE61 /* OpeningViewController.m */ = {isa = PBXFileReference; fileEncoding = 4; lastKnownFileType = sourcecode.c.objc; path = OpeningViewController.m; sourceTree = "<group>"; };
		0A0AF68F1913E6950019AE61 /* OptionsViewController.h */ = {isa = PBXFileReference; fileEncoding = 4; lastKnownFileType = sourcecode.c.h; path = OptionsViewController.h; sourceTree = "<group>"; };
		0A0AF6901913E6950019AE61 /* OptionsViewController.m */ = {isa = PBXFileReference; fileEncoding = 4; lastKnownFileType = sourcecode.c.objc; path = OptionsViewController.m; sourceTree = "<group>"; };
		0A0AF6931913E6E30019AE61 /* ResultsViewController.h */ = {isa = PBXFileReference; fileEncoding = 4; lastKnownFileType = sourcecode.c.h; path = ResultsViewController.h; sourceTree = "<group>"; };
		0A0AF6941913E6E30019AE61 /* ResultsViewController.m */ = {isa = PBXFileReference; fileEncoding = 4; lastKnownFileType = sourcecode.c.objc; path = ResultsViewController.m; sourceTree = "<group>"; };
		0A0AF6961913EB3B0019AE61 /* HighScore.h */ = {isa = PBXFileReference; fileEncoding = 4; lastKnownFileType = sourcecode.c.h; path = HighScore.h; sourceTree = "<group>"; };
		0A0AF6971913EB3B0019AE61 /* HighScore.m */ = {isa = PBXFileReference; fileEncoding = 4; lastKnownFileType = sourcecode.c.objc; path = HighScore.m; sourceTree = "<group>"; };
		0A18978E1918357F0045F83B /* GameOverViewController.h */ = {isa = PBXFileReference; fileEncoding = 4; lastKnownFileType = sourcecode.c.h; path = GameOverViewController.h; sourceTree = "<group>"; };
		0A18978F1918357F0045F83B /* GameOverViewController.m */ = {isa = PBXFileReference; fileEncoding = 4; lastKnownFileType = sourcecode.c.objc; path = GameOverViewController.m; sourceTree = "<group>"; };
		0A1897911918399E0045F83B /* HighScoreTable.h */ = {isa = PBXFileReference; fileEncoding = 4; lastKnownFileType = sourcecode.c.h; path = HighScoreTable.h; sourceTree = "<group>"; };
		0A1897921918399E0045F83B /* HighScoreTable.m */ = {isa = PBXFileReference; fileEncoding = 4; lastKnownFileType = sourcecode.c.objc; path = HighScoreTable.m; sourceTree = "<group>"; };
		0AA135E5191829A400298805 /* GameKit.framework */ = {isa = PBXFileReference; lastKnownFileType = wrapper.framework; name = GameKit.framework; path = System/Library/Frameworks/GameKit.framework; sourceTree = SDKROOT; };
		1A0985131919BBD1002E89CA /* Dream Culture.mp3 */ = {isa = PBXFileReference; lastKnownFileType = audio.mp3; path = "Dream Culture.mp3"; sourceTree = "<group>"; };
		1A0985191919C862002E89CA /* complimentSound.mp3 */ = {isa = PBXFileReference; lastKnownFileType = audio.mp3; path = complimentSound.mp3; sourceTree = "<group>"; };
		1A40DBFA1906D7BC001AE207 /* DataKeeper.h */ = {isa = PBXFileReference; fileEncoding = 4; lastKnownFileType = sourcecode.c.h; path = DataKeeper.h; sourceTree = "<group>"; };
		1A40DBFB1906D7BC001AE207 /* DataKeeper.m */ = {isa = PBXFileReference; fileEncoding = 4; lastKnownFileType = sourcecode.c.objc; path = DataKeeper.m; sourceTree = "<group>"; };
		1AAF6B4B18F3083300649992 /* Complements.app */ = {isa = PBXFileReference; explicitFileType = wrapper.application; includeInIndex = 0; path = Complements.app; sourceTree = BUILT_PRODUCTS_DIR; };
		1AAF6B4E18F3083300649992 /* Foundation.framework */ = {isa = PBXFileReference; lastKnownFileType = wrapper.framework; name = Foundation.framework; path = System/Library/Frameworks/Foundation.framework; sourceTree = SDKROOT; };
		1AAF6B5018F3083300649992 /* CoreGraphics.framework */ = {isa = PBXFileReference; lastKnownFileType = wrapper.framework; name = CoreGraphics.framework; path = System/Library/Frameworks/CoreGraphics.framework; sourceTree = SDKROOT; };
		1AAF6B5218F3083300649992 /* UIKit.framework */ = {isa = PBXFileReference; lastKnownFileType = wrapper.framework; name = UIKit.framework; path = System/Library/Frameworks/UIKit.framework; sourceTree = SDKROOT; };
		1AAF6B5618F3083300649992 /* Complements-Info.plist */ = {isa = PBXFileReference; lastKnownFileType = text.plist.xml; path = "Complements-Info.plist"; sourceTree = "<group>"; };
		1AAF6B5818F3083300649992 /* en */ = {isa = PBXFileReference; lastKnownFileType = text.plist.strings; name = en; path = en.lproj/InfoPlist.strings; sourceTree = "<group>"; };
		1AAF6B5A18F3083300649992 /* main.m */ = {isa = PBXFileReference; lastKnownFileType = sourcecode.c.objc; path = main.m; sourceTree = "<group>"; };
		1AAF6B5C18F3083300649992 /* Complements-Prefix.pch */ = {isa = PBXFileReference; lastKnownFileType = sourcecode.c.h; path = "Complements-Prefix.pch"; sourceTree = "<group>"; };
		1AAF6B5D18F3083300649992 /* AppDelegate.h */ = {isa = PBXFileReference; lastKnownFileType = sourcecode.c.h; path = AppDelegate.h; sourceTree = "<group>"; };
		1AAF6B5E18F3083300649992 /* AppDelegate.m */ = {isa = PBXFileReference; lastKnownFileType = sourcecode.c.objc; path = AppDelegate.m; sourceTree = "<group>"; };
		1AAF6B6118F3083300649992 /* Base */ = {isa = PBXFileReference; lastKnownFileType = file.storyboard; name = Base; path = Base.lproj/Main.storyboard; sourceTree = "<group>"; };
		1AAF6B6318F3083300649992 /* ViewController.h */ = {isa = PBXFileReference; lastKnownFileType = sourcecode.c.h; path = ViewController.h; sourceTree = "<group>"; };
		1AAF6B6418F3083300649992 /* ViewController.m */ = {isa = PBXFileReference; lastKnownFileType = sourcecode.c.objc; path = ViewController.m; sourceTree = "<group>"; };
		1AAF6B6618F3083300649992 /* Images.xcassets */ = {isa = PBXFileReference; lastKnownFileType = folder.assetcatalog; path = Images.xcassets; sourceTree = "<group>"; };
		1AAF6B6C18F3083300649992 /* ComplementsTests.xctest */ = {isa = PBXFileReference; explicitFileType = wrapper.cfbundle; includeInIndex = 0; path = ComplementsTests.xctest; sourceTree = BUILT_PRODUCTS_DIR; };
		1AAF6B6D18F3083300649992 /* XCTest.framework */ = {isa = PBXFileReference; lastKnownFileType = wrapper.framework; name = XCTest.framework; path = Library/Frameworks/XCTest.framework; sourceTree = DEVELOPER_DIR; };
		1AAF6B7518F3083300649992 /* ComplementsTests-Info.plist */ = {isa = PBXFileReference; lastKnownFileType = text.plist.xml; path = "ComplementsTests-Info.plist"; sourceTree = "<group>"; };
		1AAF6B7718F3083300649992 /* en */ = {isa = PBXFileReference; lastKnownFileType = text.plist.strings; name = en; path = en.lproj/InfoPlist.strings; sourceTree = "<group>"; };
		1AAF6B7918F3083300649992 /* ComplimentsTests.m */ = {isa = PBXFileReference; lastKnownFileType = sourcecode.c.objc; path = ComplimentsTests.m; sourceTree = "<group>"; };
		1AAF6B8318F3088D00649992 /* Board.h */ = {isa = PBXFileReference; fileEncoding = 4; lastKnownFileType = sourcecode.c.h; path = Board.h; sourceTree = "<group>"; };
		1AAF6B8418F3088D00649992 /* Board.m */ = {isa = PBXFileReference; fileEncoding = 4; lastKnownFileType = sourcecode.c.objc; path = Board.m; sourceTree = "<group>"; };
		3011448519181F6F000E7304 /* Dot.h */ = {isa = PBXFileReference; fileEncoding = 4; lastKnownFileType = sourcecode.c.h; path = Dot.h; sourceTree = "<group>"; };
		3011448619181F6F000E7304 /* Dot.m */ = {isa = PBXFileReference; fileEncoding = 4; lastKnownFileType = sourcecode.c.objc; path = Dot.m; sourceTree = "<group>"; };
		3011448719181F6F000E7304 /* DotAnimation.h */ = {isa = PBXFileReference; fileEncoding = 4; lastKnownFileType = sourcecode.c.h; path = DotAnimation.h; sourceTree = "<group>"; };
		3011448819181F6F000E7304 /* DotAnimation.m */ = {isa = PBXFileReference; fileEncoding = 4; lastKnownFileType = sourcecode.c.objc; path = DotAnimation.m; sourceTree = "<group>"; };
		3011448919181F6F000E7304 /* NSMutableArray_QueueAdditions.h */ = {isa = PBXFileReference; fileEncoding = 4; lastKnownFileType = sourcecode.c.h; path = NSMutableArray_QueueAdditions.h; sourceTree = "<group>"; };
		3011448A19181F6F000E7304 /* NSMutableArray_QueueAdditions.m */ = {isa = PBXFileReference; fileEncoding = 4; lastKnownFileType = sourcecode.c.objc; path = NSMutableArray_QueueAdditions.m; sourceTree = "<group>"; };
		30C5A1FE1918186F001F8134 /* PoiretOne-Regular.ttf */ = {isa = PBXFileReference; lastKnownFileType = file; name = "PoiretOne-Regular.ttf"; path = "../Fonts/PoiretOne-Regular.ttf"; sourceTree = "<group>"; };
		30C5A20019181882001F8134 /* JosefinSans-Regular.ttf */ = {isa = PBXFileReference; lastKnownFileType = file; name = "JosefinSans-Regular.ttf"; path = "../Fonts/JosefinSans-Regular.ttf"; sourceTree = "<group>"; };
/* End PBXFileReference section */

/* Begin PBXFrameworksBuildPhase section */
		1AAF6B4818F3083300649992 /* Frameworks */ = {
			isa = PBXFrameworksBuildPhase;
			buildActionMask = 2147483647;
			files = (
				0AA135E6191829A400298805 /* GameKit.framework in Frameworks */,
				1AAF6B5118F3083300649992 /* CoreGraphics.framework in Frameworks */,
				1AAF6B5318F3083300649992 /* UIKit.framework in Frameworks */,
				1AAF6B4F18F3083300649992 /* Foundation.framework in Frameworks */,
			);
			runOnlyForDeploymentPostprocessing = 0;
		};
		1AAF6B6918F3083300649992 /* Frameworks */ = {
			isa = PBXFrameworksBuildPhase;
			buildActionMask = 2147483647;
			files = (
				1AAF6B6E18F3083300649992 /* XCTest.framework in Frameworks */,
				1AAF6B7018F3083300649992 /* UIKit.framework in Frameworks */,
				1AAF6B6F18F3083300649992 /* Foundation.framework in Frameworks */,
			);
			runOnlyForDeploymentPostprocessing = 0;
		};
/* End PBXFrameworksBuildPhase section */

/* Begin PBXGroup section */
		0A0AF6921913E6C30019AE61 /* View Controllers */ = {
			isa = PBXGroup;
			children = (
				0A0AF6931913E6E30019AE61 /* ResultsViewController.h */,
				0A0AF6941913E6E30019AE61 /* ResultsViewController.m */,
				1AAF6B6318F3083300649992 /* ViewController.h */,
				1AAF6B6418F3083300649992 /* ViewController.m */,
				0A18978E1918357F0045F83B /* GameOverViewController.h */,
				0A18978F1918357F0045F83B /* GameOverViewController.m */,
				0A0AF68C1913E5A00019AE61 /* OpeningViewController.h */,
				0A0AF68D1913E5A00019AE61 /* OpeningViewController.m */,
				0A0AF68F1913E6950019AE61 /* OptionsViewController.h */,
				0A0AF6901913E6950019AE61 /* OptionsViewController.m */,
			);
			name = "View Controllers";
			sourceTree = "<group>";
		};
		1AAF6B4218F3083300649992 = {
			isa = PBXGroup;
			children = (
				1AAF6B5418F3083300649992 /* Compliments */,
				1AAF6B7318F3083300649992 /* ComplimentsTests */,
				1AAF6B4D18F3083300649992 /* Frameworks */,
				1AAF6B4C18F3083300649992 /* Products */,
			);
			sourceTree = "<group>";
		};
		1AAF6B4C18F3083300649992 /* Products */ = {
			isa = PBXGroup;
			children = (
				1AAF6B4B18F3083300649992 /* Complements.app */,
				1AAF6B6C18F3083300649992 /* ComplementsTests.xctest */,
			);
			name = Products;
			sourceTree = "<group>";
		};
		1AAF6B4D18F3083300649992 /* Frameworks */ = {
			isa = PBXGroup;
			children = (
				0AA135E5191829A400298805 /* GameKit.framework */,
				1AAF6B4E18F3083300649992 /* Foundation.framework */,
				1AAF6B5018F3083300649992 /* CoreGraphics.framework */,
				1AAF6B5218F3083300649992 /* UIKit.framework */,
				1AAF6B6D18F3083300649992 /* XCTest.framework */,
			);
			name = Frameworks;
			sourceTree = "<group>";
		};
		1AAF6B5418F3083300649992 /* Compliments */ = {
			isa = PBXGroup;
			children = (
				30374DA51918070A00A46931 /* Supporting Classes */,
				0A0AF6921913E6C30019AE61 /* View Controllers */,
				1AAF6B6018F3083300649992 /* Main.storyboard */,
				1AAF6B8318F3088D00649992 /* Board.h */,
				1AAF6B8418F3088D00649992 /* Board.m */,
				1A40DBFA1906D7BC001AE207 /* DataKeeper.h */,
				1A40DBFB1906D7BC001AE207 /* DataKeeper.m */,
				1AAF6B6618F3083300649992 /* Images.xcassets */,
				1AAF6B5518F3083300649992 /* Supporting Files */,
			);
			path = Compliments;
			sourceTree = "<group>";
		};
		1AAF6B5518F3083300649992 /* Supporting Files */ = {
			isa = PBXGroup;
			children = (
				1A0985191919C862002E89CA /* complimentSound.mp3 */,
				1A0985131919BBD1002E89CA /* Dream Culture.mp3 */,
				30C5A20019181882001F8134 /* JosefinSans-Regular.ttf */,
				30C5A1FE1918186F001F8134 /* PoiretOne-Regular.ttf */,
				1AAF6B5D18F3083300649992 /* AppDelegate.h */,
				1AAF6B5E18F3083300649992 /* AppDelegate.m */,
				1AAF6B5618F3083300649992 /* Complements-Info.plist */,
				1AAF6B5718F3083300649992 /* InfoPlist.strings */,
				1AAF6B5A18F3083300649992 /* main.m */,
				1AAF6B5C18F3083300649992 /* Complements-Prefix.pch */,
			);
			name = "Supporting Files";
			sourceTree = "<group>";
		};
		1AAF6B7318F3083300649992 /* ComplimentsTests */ = {
			isa = PBXGroup;
			children = (
				1AAF6B7918F3083300649992 /* ComplimentsTests.m */,
				1AAF6B7418F3083300649992 /* Supporting Files */,
			);
			path = ComplimentsTests;
			sourceTree = "<group>";
		};
		1AAF6B7418F3083300649992 /* Supporting Files */ = {
			isa = PBXGroup;
			children = (
				1AAF6B7518F3083300649992 /* ComplementsTests-Info.plist */,
				1AAF6B7618F3083300649992 /* InfoPlist.strings */,
			);
			name = "Supporting Files";
			sourceTree = "<group>";
		};
		30374DA51918070A00A46931 /* Supporting Classes */ = {
			isa = PBXGroup;
			children = (
				0A1897911918399E0045F83B /* HighScoreTable.h */,
				0A1897921918399E0045F83B /* HighScoreTable.m */,
				3011448519181F6F000E7304 /* Dot.h */,
				3011448619181F6F000E7304 /* Dot.m */,
				3011448719181F6F000E7304 /* DotAnimation.h */,
				3011448819181F6F000E7304 /* DotAnimation.m */,
				3011448919181F6F000E7304 /* NSMutableArray_QueueAdditions.h */,
				3011448A19181F6F000E7304 /* NSMutableArray_QueueAdditions.m */,
				0A0AF6961913EB3B0019AE61 /* HighScore.h */,
				0A0AF6971913EB3B0019AE61 /* HighScore.m */,
				0A0AF6891911910B0019AE61 /* command.h */,
				0A0AF68A1911910B0019AE61 /* command.m */,
			);
			name = "Supporting Classes";
			sourceTree = "<group>";
		};
/* End PBXGroup section */

/* Begin PBXNativeTarget section */
		1AAF6B4A18F3083300649992 /* Complements */ = {
			isa = PBXNativeTarget;
			buildConfigurationList = 1AAF6B7D18F3083300649992 /* Build configuration list for PBXNativeTarget "Complements" */;
			buildPhases = (
				1AAF6B4718F3083300649992 /* Sources */,
				1AAF6B4818F3083300649992 /* Frameworks */,
				1AAF6B4918F3083300649992 /* Resources */,
			);
			buildRules = (
			);
			dependencies = (
			);
			name = Complements;
			productName = Compliments;
			productReference = 1AAF6B4B18F3083300649992 /* Complements.app */;
			productType = "com.apple.product-type.application";
		};
		1AAF6B6B18F3083300649992 /* ComplementsTests */ = {
			isa = PBXNativeTarget;
			buildConfigurationList = 1AAF6B8018F3083300649992 /* Build configuration list for PBXNativeTarget "ComplementsTests" */;
			buildPhases = (
				1AAF6B6818F3083300649992 /* Sources */,
				1AAF6B6918F3083300649992 /* Frameworks */,
				1AAF6B6A18F3083300649992 /* Resources */,
			);
			buildRules = (
			);
			dependencies = (
				1AAF6B7218F3083300649992 /* PBXTargetDependency */,
			);
			name = ComplementsTests;
			productName = ComplimentsTests;
			productReference = 1AAF6B6C18F3083300649992 /* ComplementsTests.xctest */;
			productType = "com.apple.product-type.bundle.unit-test";
		};
/* End PBXNativeTarget section */

/* Begin PBXProject section */
		1AAF6B4318F3083300649992 /* Project object */ = {
			isa = PBXProject;
			attributes = {
				LastUpgradeCheck = 0510;
				ORGANIZATIONNAME = "James Phillips";
				TargetAttributes = {
					1AAF6B4A18F3083300649992 = {
						DevelopmentTeam = QEC653S2P4;
					};
					1AAF6B6B18F3083300649992 = {
						TestTargetID = 1AAF6B4A18F3083300649992;
					};
				};
			};
			buildConfigurationList = 1AAF6B4618F3083300649992 /* Build configuration list for PBXProject "Complements" */;
			compatibilityVersion = "Xcode 3.2";
			developmentRegion = English;
			hasScannedForEncodings = 0;
			knownRegions = (
				en,
				Base,
			);
			mainGroup = 1AAF6B4218F3083300649992;
			productRefGroup = 1AAF6B4C18F3083300649992 /* Products */;
			projectDirPath = "";
			projectRoot = "";
			targets = (
				1AAF6B4A18F3083300649992 /* Complements */,
				1AAF6B6B18F3083300649992 /* ComplementsTests */,
			);
		};
/* End PBXProject section */

/* Begin PBXResourcesBuildPhase section */
		1AAF6B4918F3083300649992 /* Resources */ = {
			isa = PBXResourcesBuildPhase;
			buildActionMask = 2147483647;
			files = (
				30C5A1FF1918186F001F8134 /* PoiretOne-Regular.ttf in Resources */,
				1AAF6B6718F3083300649992 /* Images.xcassets in Resources */,
				1A0985141919BBD1002E89CA /* Dream Culture.mp3 in Resources */,
				1AAF6B5918F3083300649992 /* InfoPlist.strings in Resources */,
				30C5A20119181882001F8134 /* JosefinSans-Regular.ttf in Resources */,
				1A09851A1919C862002E89CA /* complimentSound.mp3 in Resources */,
				1AAF6B6218F3083300649992 /* Main.storyboard in Resources */,
			);
			runOnlyForDeploymentPostprocessing = 0;
		};
		1AAF6B6A18F3083300649992 /* Resources */ = {
			isa = PBXResourcesBuildPhase;
			buildActionMask = 2147483647;
			files = (
				1AAF6B7818F3083300649992 /* InfoPlist.strings in Resources */,
			);
			runOnlyForDeploymentPostprocessing = 0;
		};
/* End PBXResourcesBuildPhase section */

/* Begin PBXSourcesBuildPhase section */
		1AAF6B4718F3083300649992 /* Sources */ = {
			isa = PBXSourcesBuildPhase;
			buildActionMask = 2147483647;
			files = (
				3011448B19181F6F000E7304 /* Dot.m in Sources */,
				1AAF6B6518F3083300649992 /* ViewController.m in Sources */,
				3011448D19181F6F000E7304 /* NSMutableArray_QueueAdditions.m in Sources */,
				1AAF6B5F18F3083300649992 /* AppDelegate.m in Sources */,
				0A1897901918357F0045F83B /* GameOverViewController.m in Sources */,
				0A0AF6981913EB3B0019AE61 /* HighScore.m in Sources */,
				1AAF6B8518F3088D00649992 /* Board.m in Sources */,
				0A0AF68B1911910B0019AE61 /* command.m in Sources */,
				0A0AF68E1913E5A00019AE61 /* OpeningViewController.m in Sources */,
				0A0AF6911913E6950019AE61 /* OptionsViewController.m in Sources */,
				3011448C19181F6F000E7304 /* DotAnimation.m in Sources */,
				0A0AF6951913E6E30019AE61 /* ResultsViewController.m in Sources */,
				0A1897931918399E0045F83B /* HighScoreTable.m in Sources */,
				1AAF6B5B18F3083300649992 /* main.m in Sources */,
				1A40DBFC1906D7BC001AE207 /* DataKeeper.m in Sources */,
			);
			runOnlyForDeploymentPostprocessing = 0;
		};
		1AAF6B6818F3083300649992 /* Sources */ = {
			isa = PBXSourcesBuildPhase;
			buildActionMask = 2147483647;
			files = (
				1AAF6B7A18F3083300649992 /* ComplimentsTests.m in Sources */,
			);
			runOnlyForDeploymentPostprocessing = 0;
		};
/* End PBXSourcesBuildPhase section */

/* Begin PBXTargetDependency section */
		1AAF6B7218F3083300649992 /* PBXTargetDependency */ = {
			isa = PBXTargetDependency;
			target = 1AAF6B4A18F3083300649992 /* Complements */;
			targetProxy = 1AAF6B7118F3083300649992 /* PBXContainerItemProxy */;
		};
/* End PBXTargetDependency section */

/* Begin PBXVariantGroup section */
		1AAF6B5718F3083300649992 /* InfoPlist.strings */ = {
			isa = PBXVariantGroup;
			children = (
				1AAF6B5818F3083300649992 /* en */,
			);
			name = InfoPlist.strings;
			sourceTree = "<group>";
		};
		1AAF6B6018F3083300649992 /* Main.storyboard */ = {
			isa = PBXVariantGroup;
			children = (
				1AAF6B6118F3083300649992 /* Base */,
			);
			name = Main.storyboard;
			sourceTree = "<group>";
		};
		1AAF6B7618F3083300649992 /* InfoPlist.strings */ = {
			isa = PBXVariantGroup;
			children = (
				1AAF6B7718F3083300649992 /* en */,
			);
			name = InfoPlist.strings;
			sourceTree = "<group>";
		};
/* End PBXVariantGroup section */

/* Begin XCBuildConfiguration section */
		1AAF6B7B18F3083300649992 /* Debug */ = {
			isa = XCBuildConfiguration;
			buildSettings = {
				ALWAYS_SEARCH_USER_PATHS = NO;
				CLANG_CXX_LANGUAGE_STANDARD = "gnu++0x";
				CLANG_CXX_LIBRARY = "libc++";
				CLANG_ENABLE_MODULES = YES;
				CLANG_ENABLE_OBJC_ARC = YES;
				CLANG_WARN_BOOL_CONVERSION = YES;
				CLANG_WARN_CONSTANT_CONVERSION = YES;
				CLANG_WARN_DIRECT_OBJC_ISA_USAGE = YES_ERROR;
				CLANG_WARN_EMPTY_BODY = YES;
				CLANG_WARN_ENUM_CONVERSION = YES;
				CLANG_WARN_INT_CONVERSION = YES;
				CLANG_WARN_OBJC_ROOT_CLASS = YES_ERROR;
				CLANG_WARN__DUPLICATE_METHOD_MATCH = YES;
				"CODE_SIGN_IDENTITY[sdk=iphoneos*]" = "iPhone Developer";
				COPY_PHASE_STRIP = NO;
				GCC_C_LANGUAGE_STANDARD = gnu99;
				GCC_DYNAMIC_NO_PIC = NO;
				GCC_OPTIMIZATION_LEVEL = 0;
				GCC_PREPROCESSOR_DEFINITIONS = (
					"DEBUG=1",
					"$(inherited)",
				);
				GCC_SYMBOLS_PRIVATE_EXTERN = NO;
				GCC_WARN_64_TO_32_BIT_CONVERSION = YES;
				GCC_WARN_ABOUT_RETURN_TYPE = YES_ERROR;
				GCC_WARN_UNDECLARED_SELECTOR = YES;
				GCC_WARN_UNINITIALIZED_AUTOS = YES_AGGRESSIVE;
				GCC_WARN_UNUSED_FUNCTION = YES;
				GCC_WARN_UNUSED_VARIABLE = YES;
				IPHONEOS_DEPLOYMENT_TARGET = 7.1;
				ONLY_ACTIVE_ARCH = YES;
				SDKROOT = iphoneos;
			};
			name = Debug;
		};
		1AAF6B7C18F3083300649992 /* Release */ = {
			isa = XCBuildConfiguration;
			buildSettings = {
				ALWAYS_SEARCH_USER_PATHS = NO;
				CLANG_CXX_LANGUAGE_STANDARD = "gnu++0x";
				CLANG_CXX_LIBRARY = "libc++";
				CLANG_ENABLE_MODULES = YES;
				CLANG_ENABLE_OBJC_ARC = YES;
				CLANG_WARN_BOOL_CONVERSION = YES;
				CLANG_WARN_CONSTANT_CONVERSION = YES;
				CLANG_WARN_DIRECT_OBJC_ISA_USAGE = YES_ERROR;
				CLANG_WARN_EMPTY_BODY = YES;
				CLANG_WARN_ENUM_CONVERSION = YES;
				CLANG_WARN_INT_CONVERSION = YES;
				CLANG_WARN_OBJC_ROOT_CLASS = YES_ERROR;
				CLANG_WARN__DUPLICATE_METHOD_MATCH = YES;
				"CODE_SIGN_IDENTITY[sdk=iphoneos*]" = "iPhone Developer";
				COPY_PHASE_STRIP = YES;
				ENABLE_NS_ASSERTIONS = NO;
				GCC_C_LANGUAGE_STANDARD = gnu99;
				GCC_WARN_64_TO_32_BIT_CONVERSION = YES;
				GCC_WARN_ABOUT_RETURN_TYPE = YES_ERROR;
				GCC_WARN_UNDECLARED_SELECTOR = YES;
				GCC_WARN_UNINITIALIZED_AUTOS = YES_AGGRESSIVE;
				GCC_WARN_UNUSED_FUNCTION = YES;
				GCC_WARN_UNUSED_VARIABLE = YES;
				IPHONEOS_DEPLOYMENT_TARGET = 7.1;
				SDKROOT = iphoneos;
				VALIDATE_PRODUCT = YES;
			};
			name = Release;
		};
		1AAF6B7E18F3083300649992 /* Debug */ = {
			isa = XCBuildConfiguration;
			buildSettings = {
				ASSETCATALOG_COMPILER_APPICON_NAME = AppIcon;
				ASSETCATALOG_COMPILER_LAUNCHIMAGE_NAME = LaunchImage;
				CODE_SIGN_IDENTITY = "iPhone Developer";
				"CODE_SIGN_IDENTITY[sdk=iphoneos*]" = "iPhone Developer";
				GCC_PRECOMPILE_PREFIX_HEADER = YES;
				GCC_PREFIX_HEADER = "Compliments/Complements-Prefix.pch";
				INFOPLIST_FILE = "Compliments/Complements-Info.plist";
				PRODUCT_NAME = Complements;
				PROVISIONING_PROFILE = "";
				WRAPPER_EXTENSION = app;
			};
			name = Debug;
		};
		1AAF6B7F18F3083300649992 /* Release */ = {
			isa = XCBuildConfiguration;
			buildSettings = {
				ASSETCATALOG_COMPILER_APPICON_NAME = AppIcon;
				ASSETCATALOG_COMPILER_LAUNCHIMAGE_NAME = LaunchImage;
				CODE_SIGN_IDENTITY = "iPhone Developer";
				"CODE_SIGN_IDENTITY[sdk=iphoneos*]" = "iPhone Developer";
				GCC_PRECOMPILE_PREFIX_HEADER = YES;
				GCC_PREFIX_HEADER = "Compliments/Complements-Prefix.pch";
				INFOPLIST_FILE = "Compliments/Complements-Info.plist";
				PRODUCT_NAME = Complements;
				PROVISIONING_PROFILE = "";
				WRAPPER_EXTENSION = app;
			};
			name = Release;
		};
		1AAF6B8118F3083300649992 /* Debug */ = {
			isa = XCBuildConfiguration;
			buildSettings = {
				BUNDLE_LOADER = "$(BUILT_PRODUCTS_DIR)/Compliments.app/Compliments";
				FRAMEWORK_SEARCH_PATHS = (
					"$(SDKROOT)/Developer/Library/Frameworks",
					"$(inherited)",
					"$(DEVELOPER_FRAMEWORKS_DIR)",
				);
				GCC_PRECOMPILE_PREFIX_HEADER = YES;
				GCC_PREFIX_HEADER = "Compliments/Compliments-Prefix.pch";
				GCC_PREPROCESSOR_DEFINITIONS = (
					"DEBUG=1",
					"$(inherited)",
				);
				INFOPLIST_FILE = "ComplimentsTests/ComplementsTests-Info.plist";
				PRODUCT_NAME = ComplementsTests;
				TEST_HOST = "$(BUNDLE_LOADER)";
				WRAPPER_EXTENSION = xctest;
			};
			name = Debug;
		};
		1AAF6B8218F3083300649992 /* Release */ = {
			isa = XCBuildConfiguration;
			buildSettings = {
				BUNDLE_LOADER = "$(BUILT_PRODUCTS_DIR)/Compliments.app/Compliments";
				FRAMEWORK_SEARCH_PATHS = (
					"$(SDKROOT)/Developer/Library/Frameworks",
					"$(inherited)",
					"$(DEVELOPER_FRAMEWORKS_DIR)",
				);
				GCC_PRECOMPILE_PREFIX_HEADER = YES;
				GCC_PREFIX_HEADER = "Compliments/Compliments-Prefix.pch";
				INFOPLIST_FILE = "ComplimentsTests/ComplementsTests-Info.plist";
				PRODUCT_NAME = ComplementsTests;
				TEST_HOST = "$(BUNDLE_LOADER)";
				WRAPPER_EXTENSION = xctest;
			};
			name = Release;
		};
/* End XCBuildConfiguration section */

/* Begin XCConfigurationList section */
		1AAF6B4618F3083300649992 /* Build configuration list for PBXProject "Complements" */ = {
			isa = XCConfigurationList;
			buildConfigurations = (
				1AAF6B7B18F3083300649992 /* Debug */,
				1AAF6B7C18F3083300649992 /* Release */,
			);
			defaultConfigurationIsVisible = 0;
			defaultConfigurationName = Release;
		};
		1AAF6B7D18F3083300649992 /* Build configuration list for PBXNativeTarget "Complements" */ = {
			isa = XCConfigurationList;
			buildConfigurations = (
				1AAF6B7E18F3083300649992 /* Debug */,
				1AAF6B7F18F3083300649992 /* Release */,
			);
			defaultConfigurationIsVisible = 0;
			defaultConfigurationName = Release;
		};
		1AAF6B8018F3083300649992 /* Build configuration list for PBXNativeTarget "ComplementsTests" */ = {
			isa = XCConfigurationList;
			buildConfigurations = (
				1AAF6B8118F3083300649992 /* Debug */,
				1AAF6B8218F3083300649992 /* Release */,
			);
			defaultConfigurationIsVisible = 0;
			defaultConfigurationName = Release;
		};
/* End XCConfigurationList section */
	};
	rootObject = 1AAF6B4318F3083300649992 /* Project object */;
}
